
Microsoft Visual Studio Solution File, Format Version 12.00
# Visual Studio 15
VisualStudioVersion = 15.0.28307.329
MinimumVisualStudioVersion = 10.0.40219.1
Project("{FAE04EC0-301F-11D3-BF4B-00C04F79EFBC}") = "WatermarkBox", "WatermarkBox\WatermarkBox.csproj", "{10CB91C3-D947-42BE-8A0B-7B6AD35CEEEF}"
EndProject
Global
	GlobalSection(SolutionConfigurationPlatforms) = preSolution
		Debug|Any CPU = Debug|Any CPU
		Release|Any CPU = Release|Any CPU
	EndGlobalSection
	GlobalSection(ProjectConfigurationPlatforms) = postSolution
		{10CB91C3-D947-42BE-8A0B-7B6AD35CEEEF}.Debug|Any CPU.ActiveCfg = Debug|Any CPU
		{10CB91C3-D947-42BE-8A0B-7B6AD35CEEEF}.Debug|Any CPU.Build.0 = Debug|Any CPU
		{10CB91C3-D947-42BE-8A0B-7B6AD35CEEEF}.Release|Any CPU.ActiveCfg = Release|Any CPU
		{10CB91C3-D947-42BE-8A0B-7B6AD35CEEEF}.Release|Any CPU.Build.0 = Release|Any CPU
	EndGlobalSection
	GlobalSection(SolutionProperties) = preSolution
		HideSolutionNode = FALSE
	EndGlobalSection
	GlobalSection(ExtensibilityGlobals) = postSolution
		SolutionGuid = {546591EA-B64F-4F21-A139-8F4357609DA0}
	EndGlobalSection
EndGlobal
